// !$*UTF8*$!
{
	archiveVersion = 1;
	classes = {
	};
	objectVersion = 46;
	objects = {

/* Begin PBXBuildFile section */
		18A2DA721E0FB4A60085B237 /* AppDelegate.swift in Sources */ = {isa = PBXBuildFile; fileRef = 18A2DA711E0FB4A60085B237 /* AppDelegate.swift */; };
		18A2DA741E0FB4A60085B237 /* ViewController.swift in Sources */ = {isa = PBXBuildFile; fileRef = 18A2DA731E0FB4A60085B237 /* ViewController.swift */; };
		18A2DA771E0FB4A60085B237 /* Main.storyboard in Resources */ = {isa = PBXBuildFile; fileRef = 18A2DA751E0FB4A60085B237 /* Main.storyboard */; };
		18A2DA791E0FB4A60085B237 /* Assets.xcassets in Resources */ = {isa = PBXBuildFile; fileRef = 18A2DA781E0FB4A60085B237 /* Assets.xcassets */; };
		18A2DA7C1E0FB4A60085B237 /* LaunchScreen.storyboard in Resources */ = {isa = PBXBuildFile; fileRef = 18A2DA7A1E0FB4A60085B237 /* LaunchScreen.storyboard */; };
		18A2DA891E0FB5370085B237 /* Option.framework in Frameworks */ = {isa = PBXBuildFile; fileRef = 18A2DA881E0FB4B20085B237 /* Option.framework */; };
		18A2DA8A1E0FB5370085B237 /* Option.framework in Embed Frameworks */ = {isa = PBXBuildFile; fileRef = 18A2DA881E0FB4B20085B237 /* Option.framework */; settings = {ATTRIBUTES = (CodeSignOnCopy, RemoveHeadersOnCopy, ); }; };
/* End PBXBuildFile section */

/* Begin PBXContainerItemProxy section */
		18A2DA871E0FB4B20085B237 /* PBXContainerItemProxy */ = {
			isa = PBXContainerItemProxy;
			containerPortal = 18A2DA831E0FB4B20085B237 /* Option.xcodeproj */;
			proxyType = 2;
			remoteGlobalIDString = 18A2DA2F1E0FB0180085B237;
			remoteInfo = Option;
		};
		18A2DA8B1E0FB5370085B237 /* PBXContainerItemProxy */ = {
			isa = PBXContainerItemProxy;
			containerPortal = 18A2DA831E0FB4B20085B237 /* Option.xcodeproj */;
			proxyType = 1;
			remoteGlobalIDString = 18A2DA2E1E0FB0180085B237;
			remoteInfo = Option;
		};
/* End PBXContainerItemProxy section */

/* Begin PBXCopyFilesBuildPhase section */
		18A2DA8D1E0FB5370085B237 /* Embed Frameworks */ = {
			isa = PBXCopyFilesBuildPhase;
			buildActionMask = 2147483647;
			dstPath = "";
			dstSubfolderSpec = 10;
			files = (
				18A2DA8A1E0FB5370085B237 /* Option.framework in Embed Frameworks */,
			);
			name = "Embed Frameworks";
			runOnlyForDeploymentPostprocessing = 0;
		};
/* End PBXCopyFilesBuildPhase section */

/* Begin PBXFileReference section */
		18A2DA6E1E0FB4A60085B237 /* demo.app */ = {isa = PBXFileReference; explicitFileType = wrapper.application; includeInIndex = 0; path = demo.app; sourceTree = BUILT_PRODUCTS_DIR; };
		18A2DA711E0FB4A60085B237 /* AppDelegate.swift */ = {isa = PBXFileReference; lastKnownFileType = sourcecode.swift; path = AppDelegate.swift; sourceTree = "<group>"; };
		18A2DA731E0FB4A60085B237 /* ViewController.swift */ = {isa = PBXFileReference; lastKnownFileType = sourcecode.swift; path = ViewController.swift; sourceTree = "<group>"; };
		18A2DA761E0FB4A60085B237 /* Base */ = {isa = PBXFileReference; lastKnownFileType = file.storyboard; name = Base; path = Base.lproj/Main.storyboard; sourceTree = "<group>"; };
		18A2DA781E0FB4A60085B237 /* Assets.xcassets */ = {isa = PBXFileReference; lastKnownFileType = folder.assetcatalog; path = Assets.xcassets; sourceTree = "<group>"; };
		18A2DA7B1E0FB4A60085B237 /* Base */ = {isa = PBXFileReference; lastKnownFileType = file.storyboard; name = Base; path = Base.lproj/LaunchScreen.storyboard; sourceTree = "<group>"; };
		18A2DA7D1E0FB4A60085B237 /* Info.plist */ = {isa = PBXFileReference; lastKnownFileType = text.plist.xml; path = Info.plist; sourceTree = "<group>"; };
		18A2DA831E0FB4B20085B237 /* Option.xcodeproj */ = {isa = PBXFileReference; lastKnownFileType = "wrapper.pb-project"; name = Option.xcodeproj; path = ../Option/Option.xcodeproj; sourceTree = "<group>"; };
/* End PBXFileReference section */

/* Begin PBXFrameworksBuildPhase section */
		18A2DA6B1E0FB4A60085B237 /* Frameworks */ = {
			isa = PBXFrameworksBuildPhase;
			buildActionMask = 2147483647;
			files = (
				18A2DA891E0FB5370085B237 /* Option.framework in Frameworks */,
			);
			runOnlyForDeploymentPostprocessing = 0;
		};
/* End PBXFrameworksBuildPhase section */

/* Begin PBXGroup section */
		18A2DA651E0FB4A60085B237 = {
			isa = PBXGroup;
			children = (
				18A2DA831E0FB4B20085B237 /* Option.xcodeproj */,
				18A2DA701E0FB4A60085B237 /* demo */,
				18A2DA6F1E0FB4A60085B237 /* Products */,
			);
			sourceTree = "<group>";
		};
		18A2DA6F1E0FB4A60085B237 /* Products */ = {
			isa = PBXGroup;
			children = (
				18A2DA6E1E0FB4A60085B237 /* demo.app */,
			);
			name = Products;
			sourceTree = "<group>";
		};
		18A2DA701E0FB4A60085B237 /* demo */ = {
			isa = PBXGroup;
			children = (
				18A2DA711E0FB4A60085B237 /* AppDelegate.swift */,
				18A2DA731E0FB4A60085B237 /* ViewController.swift */,
				18A2DA751E0FB4A60085B237 /* Main.storyboard */,
				18A2DA781E0FB4A60085B237 /* Assets.xcassets */,
				18A2DA7A1E0FB4A60085B237 /* LaunchScreen.storyboard */,
				18A2DA7D1E0FB4A60085B237 /* Info.plist */,
			);
			path = demo;
			sourceTree = "<group>";
		};
		18A2DA841E0FB4B20085B237 /* Products */ = {
			isa = PBXGroup;
			children = (
				18A2DA881E0FB4B20085B237 /* Option.framework */,
			);
			name = Products;
			sourceTree = "<group>";
		};
/* End PBXGroup section */

/* Begin PBXNativeTarget section */
		18A2DA6D1E0FB4A60085B237 /* demo */ = {
			isa = PBXNativeTarget;
			buildConfigurationList = 18A2DA801E0FB4A70085B237 /* Build configuration list for PBXNativeTarget "demo" */;
			buildPhases = (
				18A2DA6A1E0FB4A60085B237 /* Sources */,
				18A2DA6B1E0FB4A60085B237 /* Frameworks */,
				18A2DA6C1E0FB4A60085B237 /* Resources */,
				18A2DA8D1E0FB5370085B237 /* Embed Frameworks */,
			);
			buildRules = (
			);
			dependencies = (
				18A2DA8C1E0FB5370085B237 /* PBXTargetDependency */,
			);
			name = demo;
			productName = demo;
			productReference = 18A2DA6E1E0FB4A60085B237 /* demo.app */;
			productType = "com.apple.product-type.application";
		};
/* End PBXNativeTarget section */

/* Begin PBXProject section */
		18A2DA661E0FB4A60085B237 /* Project object */ = {
			isa = PBXProject;
			attributes = {
				LastSwiftUpdateCheck = 0810;
				LastUpgradeCheck = 0810;
				ORGANIZATIONNAME = KH;
				TargetAttributes = {
					18A2DA6D1E0FB4A60085B237 = {
						CreatedOnToolsVersion = 8.1;
						ProvisioningStyle = Automatic;
					};
				};
			};
			buildConfigurationList = 18A2DA691E0FB4A60085B237 /* Build configuration list for PBXProject "demo" */;
			compatibilityVersion = "Xcode 3.2";
			developmentRegion = English;
			hasScannedForEncodings = 0;
			knownRegions = (
				en,
				Base,
			);
			mainGroup = 18A2DA651E0FB4A60085B237;
			productRefGroup = 18A2DA6F1E0FB4A60085B237 /* Products */;
			projectDirPath = "";
			projectReferences = (
				{
					ProductGroup = 18A2DA841E0FB4B20085B237 /* Products */;
					ProjectRef = 18A2DA831E0FB4B20085B237 /* Option.xcodeproj */;
				},
			);
			projectRoot = "";
			targets = (
				18A2DA6D1E0FB4A60085B237 /* demo */,
			);
		};
/* End PBXProject section */

/* Begin PBXReferenceProxy section */
		18A2DA881E0FB4B20085B237 /* Option.framework */ = {
			isa = PBXReferenceProxy;
			fileType = wrapper.framework;
			path = Option.framework;
			remoteRef = 18A2DA871E0FB4B20085B237 /* PBXContainerItemProxy */;
			sourceTree = BUILT_PRODUCTS_DIR;
		};
/* End PBXReferenceProxy section */

/* Begin PBXResourcesBuildPhase section */
		18A2DA6C1E0FB4A60085B237 /* Resources */ = {
			isa = PBXResourcesBuildPhase;
			buildActionMask = 2147483647;
			files = (
				18A2DA7C1E0FB4A60085B237 /* LaunchScreen.storyboard in Resources */,
				18A2DA791E0FB4A60085B237 /* Assets.xcassets in Resources */,
				18A2DA771E0FB4A60085B237 /* Main.storyboard in Resources */,
			);
			runOnlyForDeploymentPostprocessing = 0;
		};
/* End PBXResourcesBuildPhase section */

/* Begin PBXSourcesBuildPhase section */
		18A2DA6A1E0FB4A60085B237 /* Sources */ = {
			isa = PBXSourcesBuildPhase;
			buildActionMask = 2147483647;
			files = (
				18A2DA741E0FB4A60085B237 /* ViewController.swift in Sources */,
				18A2DA721E0FB4A60085B237 /* AppDelegate.swift in Sources */,
			);
			runOnlyForDeploymentPostprocessing = 0;
		};
/* End PBXSourcesBuildPhase section */

/* Begin PBXTargetDependency section */
		18A2DA8C1E0FB5370085B237 /* PBXTargetDependency */ = {
			isa = PBXTargetDependency;
			name = Option;
			targetProxy = 18A2DA8B1E0FB5370085B237 /* PBXContainerItemProxy */;
		};
/* End PBXTargetDependency section */

/* Begin PBXVariantGroup section */
		18A2DA751E0FB4A60085B237 /* Main.storyboard */ = {
			isa = PBXVariantGroup;
			children = (
				18A2DA761E0FB4A60085B237 /* Base */,
			);
			name = Main.storyboard;
			sourceTree = "<group>";
		};
		18A2DA7A1E0FB4A60085B237 /* LaunchScreen.storyboard */ = {
			isa = PBXVariantGroup;
			children = (
				18A2DA7B1E0FB4A60085B237 /* Base */,
			);
			name = LaunchScreen.storyboard;
			sourceTree = "<group>";
		};
/* End PBXVariantGroup section */

/* Begin XCBuildConfiguration section */
		18A2DA7E1E0FB4A70085B237 /* Debug */ = {
			isa = XCBuildConfiguration;
			buildSettings = {
				ALWAYS_SEARCH_USER_PATHS = NO;
				CLANG_ANALYZER_NONNULL = YES;
				CLANG_CXX_LANGUAGE_STANDARD = "gnu++0x";
				CLANG_CXX_LIBRARY = "libc++";
				CLANG_ENABLE_MODULES = YES;
				CLANG_ENABLE_OBJC_ARC = YES;
				CLANG_WARN_BOOL_CONVERSION = YES;
				CLANG_WARN_CONSTANT_CONVERSION = YES;
				CLANG_WARN_DIRECT_OBJC_ISA_USAGE = YES_ERROR;
				CLANG_WARN_DOCUMENTATION_COMMENTS = YES;
				CLANG_WARN_EMPTY_BODY = YES;
				CLANG_WARN_ENUM_CONVERSION = YES;
				CLANG_WARN_INFINITE_RECURSION = YES;
				CLANG_WARN_INT_CONVERSION = YES;
				CLANG_WARN_OBJC_ROOT_CLASS = YES_ERROR;
				CLANG_WARN_SUSPICIOUS_MOVES = YES;
				CLANG_WARN_UNREACHABLE_CODE = YES;
				CLANG_WARN__DUPLICATE_METHOD_MATCH = YES;
				"CODE_SIGN_IDENTITY[sdk=iphoneos*]" = "iPhone Developer";
				COPY_PHASE_STRIP = NO;
				DEBUG_INFORMATION_FORMAT = dwarf;
				ENABLE_STRICT_OBJC_MSGSEND = YES;
				ENABLE_TESTABILITY = YES;
				GCC_C_LANGUAGE_STANDARD = gnu99;
				GCC_DYNAMIC_NO_PIC = NO;
				GCC_NO_COMMON_BLOCKS = YES;
				GCC_OPTIMIZATION_LEVEL = 0;
				GCC_PREPROCESSOR_DEFINITIONS = (
					"DEBUG=1",
					"$(inherited)",
				);
				GCC_WARN_64_TO_32_BIT_CONVERSION = YES;
				GCC_WARN_ABOUT_RETURN_TYPE = YES_ERROR;
				GCC_WARN_UNDECLARED_SELECTOR = YES;
				GCC_WARN_UNINITIALIZED_AUTOS = YES_AGGRESSIVE;
				GCC_WARN_UNUSED_FUNCTION = YES;
				GCC_WARN_UNUSED_VARIABLE = YES;
				IPHONEOS_DEPLOYMENT_TARGET = 10.1;
				MTL_ENABLE_DEBUG_INFO = YES;
				ONLY_ACTIVE_ARCH = YES;
				SDKROOT = iphoneos;
				SWIFT_ACTIVE_COMPILATION_CONDITIONS = DEBUG;
				SWIFT_OPTIMIZATION_LEVEL = "-Onone";
			};
			name = Debug;
		};
		18A2DA7F1E0FB4A70085B237 /* Release */ = {
			isa = XCBuildConfiguration;
			buildSettings = {
				ALWAYS_SEARCH_USER_PATHS = NO;
				CLANG_ANALYZER_NONNULL = YES;
				CLANG_CXX_LANGUAGE_STANDARD = "gnu++0x";
				CLANG_CXX_LIBRARY = "libc++";
				CLANG_ENABLE_MODULES = YES;
				CLANG_ENABLE_OBJC_ARC = YES;
				CLANG_WARN_BOOL_CONVERSION = YES;
				CLANG_WARN_CONSTANT_CONVERSION = YES;
				CLANG_WARN_DIRECT_OBJC_ISA_USAGE = YES_ERROR;
				CLANG_WARN_DOCUMENTATION_COMMENTS = YES;
				CLANG_WARN_EMPTY_BODY = YES;
				CLANG_WARN_ENUM_CONVERSION = YES;
				CLANG_WARN_INFINITE_RECURSION = YES;
				CLANG_WARN_INT_CONVERSION = YES;
				CLANG_WARN_OBJC_ROOT_CLASS = YES_ERROR;
				CLANG_WARN_SUSPICIOUS_MOVES = YES;
				CLANG_WARN_UNREACHABLE_CODE = YES;
				CLANG_WARN__DUPLICATE_METHOD_MATCH = YES;
				"CODE_SIGN_IDENTITY[sdk=iphoneos*]" = "iPhone Developer";
				COPY_PHASE_STRIP = NO;
				DEBUG_INFORMATION_FORMAT = "dwarf-with-dsym";
				ENABLE_NS_ASSERTIONS = NO;
				ENABLE_STRICT_OBJC_MSGSEND = YES;
				GCC_C_LANGUAGE_STANDARD = gnu99;
				GCC_NO_COMMON_BLOCKS = YES;
				GCC_WARN_64_TO_32_BIT_CONVERSION = YES;
				GCC_WARN_ABOUT_RETURN_TYPE = YES_ERROR;
				GCC_WARN_UNDECLARED_SELECTOR = YES;
				GCC_WARN_UNINITIALIZED_AUTOS = YES_AGGRESSIVE;
				GCC_WARN_UNUSED_FUNCTION = YES;
				GCC_WARN_UNUSED_VARIABLE = YES;
				IPHONEOS_DEPLOYMENT_TARGET = 10.1;
				MTL_ENABLE_DEBUG_INFO = NO;
				SDKROOT = iphoneos;
				SWIFT_OPTIMIZATION_LEVEL = "-Owholemodule";
				VALIDATE_PRODUCT = YES;
			};
			name = Release;
		};
		18A2DA811E0FB4A70085B237 /* Debug */ = {
			isa = XCBuildConfiguration;
			buildSettings = {
				ALWAYS_EMBED_SWIFT_STANDARD_LIBRARIES = YES;
				ASSETCATALOG_COMPILER_APPICON_NAME = AppIcon;
				INFOPLIST_FILE = demo/Info.plist;
				LD_RUNPATH_SEARCH_PATHS = "$(inherited) @executable_path/Frameworks";
				PRODUCT_BUNDLE_IDENTIFIER = KH.demo;
				PRODUCT_NAME = "$(TARGET_NAME)";
				SWIFT_VERSION = 3.0;
			};
			name = Debug;
		};
		18A2DA821E0FB4A70085B237 /* Release */ = {
			isa = XCBuildConfiguration;
			buildSettings = {
				ALWAYS_EMBED_SWIFT_STANDARD_LIBRARIES = YES;
				ASSETCATALOG_COMPILER_APPICON_NAME = AppIcon;
				INFOPLIST_FILE = demo/Info.plist;
				LD_RUNPATH_SEARCH_PATHS = "$(inherited) @executable_path/Frameworks";
				PRODUCT_BUNDLE_IDENTIFIER = KH.demo;
				PRODUCT_NAME = "$(TARGET_NAME)";
				SWIFT_VERSION = 3.0;
			};
			name = Release;
		};
/* End XCBuildConfiguration section */

/* Begin XCConfigurationList section */
		18A2DA691E0FB4A60085B237 /* Build configuration list for PBXProject "demo" */ = {
			isa = XCConfigurationList;
			buildConfigurations = (
				18A2DA7E1E0FB4A70085B237 /* Debug */,
				18A2DA7F1E0FB4A70085B237 /* Release */,
			);
			defaultConfigurationIsVisible = 0;
			defaultConfigurationName = Release;
		};
		18A2DA801E0FB4A70085B237 /* Build configuration list for PBXNativeTarget "demo" */ = {
			isa = XCConfigurationList;
			buildConfigurations = (
				18A2DA811E0FB4A70085B237 /* Debug */,
				18A2DA821E0FB4A70085B237 /* Release */,
			);
			defaultConfigurationIsVisible = 0;
		};
/* End XCConfigurationList section */
	};
	rootObject = 18A2DA661E0FB4A60085B237 /* Project object */;
}
